{
    "_readme": [
        "This file locks the dependencies of your project to a known state",
        "Read more about it at https://getcomposer.org/doc/01-basic-usage.md#installing-dependencies",
        "This file is @generated automatically"
    ],
    "content-hash": "2f13213659f5acae58dac5798126d019",
    "packages": [
        {
            "name": "coursmicroservice/project-composer",
            "version": "dev-master",
            "source": {
                "type": "git",
                "url": "https://github.com/DamienDeveloppeur/first-package.git",
                "reference": "81dbcea4cf0d97e09bf076a8651e8d4771f8283b"
            },
            "dist": {
                "type": "zip",
                "url": "https://api.github.com/repos/DamienDeveloppeur/first-package/zipball/81dbcea4cf0d97e09bf076a8651e8d4771f8283b",
                "reference": "81dbcea4cf0d97e09bf076a8651e8d4771f8283b",
                "shasum": ""
            },
            "default-branch": true,
            "type": "library",
            "autoload": {
                "psr-4": {
                    "Coursmicroservice\\ProjectComposer\\": "src/"
                }
            },
            "notification-url": "https://packagist.org/downloads/",
            "license": [
                "mit"
            ],
            "authors": [
                {
                    "name": "mero",
                    "email": "damienlhaurado@hotmail.com"
                }
            ],
            "description": "....",
            "support": {
                "issues": "https://github.com/DamienDeveloppeur/first-package/issues",
                "source": "https://github.com/DamienDeveloppeur/first-package/tree/master"
            },
            "time": "2022-02-22T10:06:38+00:00"
        },
        {
            "name": "sardoj/package-composer",
            "version": "dev-master",
            "source": {
                "type": "git",
                "url": "https://github.com/sardoj/package-composer.git",
                "reference": "d7d9e47ee25a3db0405875ada7791301980be92c"
            },
            "dist": {
                "type": "zip",
                "url": "https://api.github.com/repos/sardoj/package-composer/zipball/d7d9e47ee25a3db0405875ada7791301980be92c",
                "reference": "d7d9e47ee25a3db0405875ada7791301980be92c",
                "shasum": ""
            },
            "default-branch": true,
            "type": "library",
            "autoload": {
                "psr-4": {
                    "Sardoj\\PackageComposer\\": "src/"
                }
            },
            "notification-url": "https://packagist.org/downloads/",
            "license": [
                "MIT"
            ],
            "authors": [
                {
                    "name": "Jonathan SARDO",
                    "email": "jonathan@uccellolabs.com"
                }
            ],
            "description": "A great package made with Composer",
            "support": {
                "issues": "https://github.com/sardoj/package-composer/issues",
                "source": "https://github.com/sardoj/package-composer/tree/master"
            },
            "time": "2022-02-22T09:39:53+00:00"
        }
    ],
    "packages-dev": [],
    "aliases": [],
    "minimum-stability": "dev",
    "stability-flags": {
        "sardoj/package-composer": 20,
        "coursmicroservice/project-composer": 20
    },
    "prefer-stable": false,
    "prefer-lowest": false,
    "platform": {
        "php": ">=7.4"
    },
    "platform-dev": [],
    "plugin-api-version": "2.1.0"
}
